
Microsoft Visual Studio Solution File, Format Version 12.00
# Visual Studio 15
VisualStudioVersion = 15.0.28307.421
MinimumVisualStudioVersion = 10.0.40219.1
Project("{FAE04EC0-301F-11D3-BF4B-00C04F79EFBC}") = "UBIF.Framework", "UBIF.Framework\UBIF.Framework.csproj", "{D262E094-C9DF-4AC0-9CE7-C81A51D2A395}"
EndProject
Project("{FAE04EC0-301F-11D3-BF4B-00C04F79EFBC}") = "UBIF.Framework.Data", "UBIF.Framework.Data\UBIF.Framework.Data.csproj", "{6AF22ECE-30B6-4B17-93E8-C5E227B97CA5}"
EndProject
Project("{FAE04EC0-301F-11D3-BF4B-00C04F79EFBC}") = "UBIF.Framework.Code", "UBIF.Framework.Code\UBIF.Framework.Code.csproj", "{A27A352D-0FC6-4352-B4FB-57E780A03E15}"
EndProject
Project("{FAE04EC0-301F-11D3-BF4B-00C04F79EFBC}") = "UBIF.Framework.Domain", "UBIF.Framework.Domain\UBIF.Framework.Domain.csproj", "{62866217-D853-453C-91F9-214BC5AADFB3}"
EndProject
Project("{FAE04EC0-301F-11D3-BF4B-00C04F79EFBC}") = "UBIF.Framework.Application", "UBIF.Framework.Application\UBIF.Framework.Application.csproj", "{9FC1395A-9310-459F-AE6D-98D1E0EFBBF0}"
EndProject
Project("{FAE04EC0-301F-11D3-BF4B-00C04F79EFBC}") = "UBIF.Framework.Repository", "UBIF.Framework.Repository\UBIF.Framework.Repository.csproj", "{5E00DBD5-AB82-46FC-BE3C-9C47F864A2FF}"
EndProject
Global
	GlobalSection(SolutionConfigurationPlatforms) = preSolution
		Debug|Any CPU = Debug|Any CPU
		Release|Any CPU = Release|Any CPU
	EndGlobalSection
	GlobalSection(ProjectConfigurationPlatforms) = postSolution
		{D262E094-C9DF-4AC0-9CE7-C81A51D2A395}.Debug|Any CPU.ActiveCfg = Debug|Any CPU
		{D262E094-C9DF-4AC0-9CE7-C81A51D2A395}.Debug|Any CPU.Build.0 = Debug|Any CPU
		{D262E094-C9DF-4AC0-9CE7-C81A51D2A395}.Release|Any CPU.ActiveCfg = Release|Any CPU
		{D262E094-C9DF-4AC0-9CE7-C81A51D2A395}.Release|Any CPU.Build.0 = Release|Any CPU
		{6AF22ECE-30B6-4B17-93E8-C5E227B97CA5}.Debug|Any CPU.ActiveCfg = Debug|Any CPU
		{6AF22ECE-30B6-4B17-93E8-C5E227B97CA5}.Debug|Any CPU.Build.0 = Debug|Any CPU
		{6AF22ECE-30B6-4B17-93E8-C5E227B97CA5}.Release|Any CPU.ActiveCfg = Release|Any CPU
		{6AF22ECE-30B6-4B17-93E8-C5E227B97CA5}.Release|Any CPU.Build.0 = Release|Any CPU
		{A27A352D-0FC6-4352-B4FB-57E780A03E15}.Debug|Any CPU.ActiveCfg = Debug|Any CPU
		{A27A352D-0FC6-4352-B4FB-57E780A03E15}.Debug|Any CPU.Build.0 = Debug|Any CPU
		{A27A352D-0FC6-4352-B4FB-57E780A03E15}.Release|Any CPU.ActiveCfg = Release|Any CPU
		{A27A352D-0FC6-4352-B4FB-57E780A03E15}.Release|Any CPU.Build.0 = Release|Any CPU
		{62866217-D853-453C-91F9-214BC5AADFB3}.Debug|Any CPU.ActiveCfg = Debug|Any CPU
		{62866217-D853-453C-91F9-214BC5AADFB3}.Debug|Any CPU.Build.0 = Debug|Any CPU
		{62866217-D853-453C-91F9-214BC5AADFB3}.Release|Any CPU.ActiveCfg = Release|Any CPU
		{62866217-D853-453C-91F9-214BC5AADFB3}.Release|Any CPU.Build.0 = Release|Any CPU
		{9FC1395A-9310-459F-AE6D-98D1E0EFBBF0}.Debug|Any CPU.ActiveCfg = Debug|Any CPU
		{9FC1395A-9310-459F-AE6D-98D1E0EFBBF0}.Debug|Any CPU.Build.0 = Debug|Any CPU
		{9FC1395A-9310-459F-AE6D-98D1E0EFBBF0}.Release|Any CPU.ActiveCfg = Release|Any CPU
		{9FC1395A-9310-459F-AE6D-98D1E0EFBBF0}.Release|Any CPU.Build.0 = Release|Any CPU
		{5E00DBD5-AB82-46FC-BE3C-9C47F864A2FF}.Debug|Any CPU.ActiveCfg = Debug|Any CPU
		{5E00DBD5-AB82-46FC-BE3C-9C47F864A2FF}.Debug|Any CPU.Build.0 = Debug|Any CPU
		{5E00DBD5-AB82-46FC-BE3C-9C47F864A2FF}.Release|Any CPU.ActiveCfg = Release|Any CPU
		{5E00DBD5-AB82-46FC-BE3C-9C47F864A2FF}.Release|Any CPU.Build.0 = Release|Any CPU
	EndGlobalSection
	GlobalSection(SolutionProperties) = preSolution
		HideSolutionNode = FALSE
	EndGlobalSection
	GlobalSection(ExtensibilityGlobals) = postSolution
		SolutionGuid = {9D857EE2-22BE-45A0-BABF-F2C11DE1D28A}
	EndGlobalSection
EndGlobal
